
Microsoft Visual Studio Solution File, Format Version 12.00
# Visual Studio Version 16
VisualStudioVersion = 16.0.29215.179
MinimumVisualStudioVersion = 10.0.40219.1
Project("{8BC9CEB8-8B4A-11D0-8D11-00A0C91BC942}") = "Assignment_1", "Assignment_1\Assignment_1.vcxproj", "{FA9A4FC0-FD24-4FE7-B8D5-77095EE9F6E9}"
EndProject
Project("{8BC9CEB8-8B4A-11D0-8D11-00A0C91BC942}") = "Stack Linked List", "Stack Linked List\Stack Linked List.vcxproj", "{E58F195A-5E55-42C3-957D-5AD48A498FD0}"
EndProject
Project("{8BC9CEB8-8B4A-11D0-8D11-00A0C91BC942}") = "Queue Linked List", "Queue Linked List\Queue Linked List.vcxproj", "{F76B63CD-4A1E-4129-A267-711544E179E4}"
EndProject
Project("{8BC9CEB8-8B4A-11D0-8D11-00A0C91BC942}") = "Queue Array", "Queue Array\Queue Array.vcxproj", "{405C963B-C716-43F1-89A0-22C3CBC10763}"
EndProject
Project("{8BC9CEB8-8B4A-11D0-8D11-00A0C91BC942}") = "Temp", "Temp\Temp.vcxproj", "{9FE30A4A-383D-4019-A0FC-457AEAD9297E}"
EndProject
Project("{8BC9CEB8-8B4A-11D0-8D11-00A0C91BC942}") = "Midterm_1", "Midterm_1\Midterm_1.vcxproj", "{4A170457-4D4D-4B39-9DE1-106749765398}"
EndProject
Project("{8BC9CEB8-8B4A-11D0-8D11-00A0C91BC942}") = "Midterm_2", "Midterm_2\Midterm_2.vcxproj", "{E99AFFD3-69E8-4E17-A2F1-794A59BA618D}"
EndProject
Project("{8BC9CEB8-8B4A-11D0-8D11-00A0C91BC942}") = "Midterm_3", "Midterm_3\Midterm_3.vcxproj", "{C6222117-DE85-4BB8-AEA5-4C45CC041C56}"
EndProject
Project("{8BC9CEB8-8B4A-11D0-8D11-00A0C91BC942}") = "Midterm_4", "Midterm_4\Midterm_4.vcxproj", "{6A75CFA0-051F-40D5-B9EC-561BC7134163}"
EndProject
Project("{8BC9CEB8-8B4A-11D0-8D11-00A0C91BC942}") = "Binary Search Tree", "Binary Search Tree\Binary Search Tree.vcxproj", "{5D8D29ED-800C-4177-99EC-F4805EA6333E}"
EndProject
Project("{8BC9CEB8-8B4A-11D0-8D11-00A0C91BC942}") = "AVL Tree", "AVL Tree\AVL Tree.vcxproj", "{E907B1DA-BBAB-43C1-9D22-D5C7B0786F23}"
EndProject
Project("{8BC9CEB8-8B4A-11D0-8D11-00A0C91BC942}") = "max heap", "max heap\max heap.vcxproj", "{B76DA8CE-C395-41AD-8E8B-3BA5576CB78F}"
EndProject
Project("{8BC9CEB8-8B4A-11D0-8D11-00A0C91BC942}") = "Quicksort", "Quicksort\Quicksort.vcxproj", "{3F7C8732-684F-4B6B-9A6D-FA66C7C76EC2}"
EndProject
Project("{8BC9CEB8-8B4A-11D0-8D11-00A0C91BC942}") = "HeapSort", "HeapSort\HeapSort.vcxproj", "{BB6ABAB1-17A4-4904-87A5-C2C41CA2AA47}"
EndProject
Project("{8BC9CEB8-8B4A-11D0-8D11-00A0C91BC942}") = "InsertionSort_Recursive", "InsertionSort_Recursive\InsertionSort_Recursive.vcxproj", "{D2CF0442-8788-409C-A7CD-1152B6D2D65F}"
EndProject
Project("{8BC9CEB8-8B4A-11D0-8D11-00A0C91BC942}") = "Selection Sort_Recursive", "Selection Sort_Recursive\Selection Sort_Recursive.vcxproj", "{6B677AC0-C10B-4C2E-B03F-DB70231D72EC}"
EndProject
Project("{8BC9CEB8-8B4A-11D0-8D11-00A0C91BC942}") = "MergeSort", "MergeSort\MergeSort.vcxproj", "{BB74D0E4-67EE-4747-90A1-A7E6BDA4EEFD}"
EndProject
Project("{8BC9CEB8-8B4A-11D0-8D11-00A0C91BC942}") = "DFS vs Adjacency list", "DFS\DFS.vcxproj", "{7C48D619-4385-49F0-9CF8-73E7A553A701}"
EndProject
Project("{8BC9CEB8-8B4A-11D0-8D11-00A0C91BC942}") = "BFS vs Adjacency list", "BFS vs Adjacency list\BFS vs Adjacency list.vcxproj", "{5F3C44C1-5EE8-4ED3-BA82-8D44FA222F7C}"
EndProject
Project("{8BC9CEB8-8B4A-11D0-8D11-00A0C91BC942}") = "Topological Sort BFS (queue)", "Topological Sorting\Topological Sorting.vcxproj", "{8D9AAD97-56C9-4282-944F-6101A17BC8A6}"
EndProject
Project("{8BC9CEB8-8B4A-11D0-8D11-00A0C91BC942}") = "is Cyclic Graph", "is Cyclic Graph\is Cyclic Graph.vcxproj", "{91989FE6-C271-4104-9A85-3F503A96F79C}"
EndProject
Global
	GlobalSection(SolutionConfigurationPlatforms) = preSolution
		Debug|Any CPU = Debug|Any CPU
		Debug|x64 = Debug|x64
		Debug|x86 = Debug|x86
		Release|Any CPU = Release|Any CPU
		Release|x64 = Release|x64
		Release|x86 = Release|x86
	EndGlobalSection
	GlobalSection(ProjectConfigurationPlatforms) = postSolution
		{FA9A4FC0-FD24-4FE7-B8D5-77095EE9F6E9}.Debug|Any CPU.ActiveCfg = Debug|Win32
		{FA9A4FC0-FD24-4FE7-B8D5-77095EE9F6E9}.Debug|x64.ActiveCfg = Debug|x64
		{FA9A4FC0-FD24-4FE7-B8D5-77095EE9F6E9}.Debug|x64.Build.0 = Debug|x64
		{FA9A4FC0-FD24-4FE7-B8D5-77095EE9F6E9}.Debug|x86.ActiveCfg = Debug|Win32
		{FA9A4FC0-FD24-4FE7-B8D5-77095EE9F6E9}.Debug|x86.Build.0 = Debug|Win32
		{FA9A4FC0-FD24-4FE7-B8D5-77095EE9F6E9}.Release|Any CPU.ActiveCfg = Release|Win32
		{FA9A4FC0-FD24-4FE7-B8D5-77095EE9F6E9}.Release|x64.ActiveCfg = Release|x64
		{FA9A4FC0-FD24-4FE7-B8D5-77095EE9F6E9}.Release|x64.Build.0 = Release|x64
		{FA9A4FC0-FD24-4FE7-B8D5-77095EE9F6E9}.Release|x86.ActiveCfg = Release|Win32
		{FA9A4FC0-FD24-4FE7-B8D5-77095EE9F6E9}.Release|x86.Build.0 = Release|Win32
		{E58F195A-5E55-42C3-957D-5AD48A498FD0}.Debug|Any CPU.ActiveCfg = Debug|Win32
		{E58F195A-5E55-42C3-957D-5AD48A498FD0}.Debug|x64.ActiveCfg = Debug|x64
		{E58F195A-5E55-42C3-957D-5AD48A498FD0}.Debug|x64.Build.0 = Debug|x64
		{E58F195A-5E55-42C3-957D-5AD48A498FD0}.Debug|x86.ActiveCfg = Debug|Win32
		{E58F195A-5E55-42C3-957D-5AD48A498FD0}.Debug|x86.Build.0 = Debug|Win32
		{E58F195A-5E55-42C3-957D-5AD48A498FD0}.Release|Any CPU.ActiveCfg = Release|Win32
		{E58F195A-5E55-42C3-957D-5AD48A498FD0}.Release|x64.ActiveCfg = Release|x64
		{E58F195A-5E55-42C3-957D-5AD48A498FD0}.Release|x64.Build.0 = Release|x64
		{E58F195A-5E55-42C3-957D-5AD48A498FD0}.Release|x86.ActiveCfg = Release|Win32
		{E58F195A-5E55-42C3-957D-5AD48A498FD0}.Release|x86.Build.0 = Release|Win32
		{F76B63CD-4A1E-4129-A267-711544E179E4}.Debug|Any CPU.ActiveCfg = Debug|Win32
		{F76B63CD-4A1E-4129-A267-711544E179E4}.Debug|x64.ActiveCfg = Debug|x64
		{F76B63CD-4A1E-4129-A267-711544E179E4}.Debug|x64.Build.0 = Debug|x64
		{F76B63CD-4A1E-4129-A267-711544E179E4}.Debug|x86.ActiveCfg = Debug|Win32
		{F76B63CD-4A1E-4129-A267-711544E179E4}.Debug|x86.Build.0 = Debug|Win32
		{F76B63CD-4A1E-4129-A267-711544E179E4}.Release|Any CPU.ActiveCfg = Release|Win32
		{F76B63CD-4A1E-4129-A267-711544E179E4}.Release|x64.ActiveCfg = Release|x64
		{F76B63CD-4A1E-4129-A267-711544E179E4}.Release|x64.Build.0 = Release|x64
		{F76B63CD-4A1E-4129-A267-711544E179E4}.Release|x86.ActiveCfg = Release|Win32
		{F76B63CD-4A1E-4129-A267-711544E179E4}.Release|x86.Build.0 = Release|Win32
		{405C963B-C716-43F1-89A0-22C3CBC10763}.Debug|Any CPU.ActiveCfg = Debug|Win32
		{405C963B-C716-43F1-89A0-22C3CBC10763}.Debug|x64.ActiveCfg = Debug|x64
		{405C963B-C716-43F1-89A0-22C3CBC10763}.Debug|x64.Build.0 = Debug|x64
		{405C963B-C716-43F1-89A0-22C3CBC10763}.Debug|x86.ActiveCfg = Debug|Win32
		{405C963B-C716-43F1-89A0-22C3CBC10763}.Debug|x86.Build.0 = Debug|Win32
		{405C963B-C716-43F1-89A0-22C3CBC10763}.Release|Any CPU.ActiveCfg = Release|Win32
		{405C963B-C716-43F1-89A0-22C3CBC10763}.Release|x64.ActiveCfg = Release|x64
		{405C963B-C716-43F1-89A0-22C3CBC10763}.Release|x64.Build.0 = Release|x64
		{405C963B-C716-43F1-89A0-22C3CBC10763}.Release|x86.ActiveCfg = Release|Win32
		{405C963B-C716-43F1-89A0-22C3CBC10763}.Release|x86.Build.0 = Release|Win32
		{9FE30A4A-383D-4019-A0FC-457AEAD9297E}.Debug|Any CPU.ActiveCfg = Debug|Win32
		{9FE30A4A-383D-4019-A0FC-457AEAD9297E}.Debug|x64.ActiveCfg = Debug|x64
		{9FE30A4A-383D-4019-A0FC-457AEAD9297E}.Debug|x64.Build.0 = Debug|x64
		{9FE30A4A-383D-4019-A0FC-457AEAD9297E}.Debug|x86.ActiveCfg = Debug|Win32
		{9FE30A4A-383D-4019-A0FC-457AEAD9297E}.Debug|x86.Build.0 = Debug|Win32
		{9FE30A4A-383D-4019-A0FC-457AEAD9297E}.Release|Any CPU.ActiveCfg = Release|Win32
		{9FE30A4A-383D-4019-A0FC-457AEAD9297E}.Release|x64.ActiveCfg = Release|x64
		{9FE30A4A-383D-4019-A0FC-457AEAD9297E}.Release|x64.Build.0 = Release|x64
		{9FE30A4A-383D-4019-A0FC-457AEAD9297E}.Release|x86.ActiveCfg = Release|Win32
		{9FE30A4A-383D-4019-A0FC-457AEAD9297E}.Release|x86.Build.0 = Release|Win32
		{4A170457-4D4D-4B39-9DE1-106749765398}.Debug|Any CPU.ActiveCfg = Debug|Win32
		{4A170457-4D4D-4B39-9DE1-106749765398}.Debug|x64.ActiveCfg = Debug|x64
		{4A170457-4D4D-4B39-9DE1-106749765398}.Debug|x64.Build.0 = Debug|x64
		{4A170457-4D4D-4B39-9DE1-106749765398}.Debug|x86.ActiveCfg = Debug|Win32
		{4A170457-4D4D-4B39-9DE1-106749765398}.Debug|x86.Build.0 = Debug|Win32
		{4A170457-4D4D-4B39-9DE1-106749765398}.Release|Any CPU.ActiveCfg = Release|Win32
		{4A170457-4D4D-4B39-9DE1-106749765398}.Release|x64.ActiveCfg = Release|x64
		{4A170457-4D4D-4B39-9DE1-106749765398}.Release|x64.Build.0 = Release|x64
		{4A170457-4D4D-4B39-9DE1-106749765398}.Release|x86.ActiveCfg = Release|Win32
		{4A170457-4D4D-4B39-9DE1-106749765398}.Release|x86.Build.0 = Release|Win32
		{E99AFFD3-69E8-4E17-A2F1-794A59BA618D}.Debug|Any CPU.ActiveCfg = Debug|Win32
		{E99AFFD3-69E8-4E17-A2F1-794A59BA618D}.Debug|x64.ActiveCfg = Debug|x64
		{E99AFFD3-69E8-4E17-A2F1-794A59BA618D}.Debug|x64.Build.0 = Debug|x64
		{E99AFFD3-69E8-4E17-A2F1-794A59BA618D}.Debug|x86.ActiveCfg = Debug|Win32
		{E99AFFD3-69E8-4E17-A2F1-794A59BA618D}.Debug|x86.Build.0 = Debug|Win32
		{E99AFFD3-69E8-4E17-A2F1-794A59BA618D}.Release|Any CPU.ActiveCfg = Release|Win32
		{E99AFFD3-69E8-4E17-A2F1-794A59BA618D}.Release|x64.ActiveCfg = Release|x64
		{E99AFFD3-69E8-4E17-A2F1-794A59BA618D}.Release|x64.Build.0 = Release|x64
		{E99AFFD3-69E8-4E17-A2F1-794A59BA618D}.Release|x86.ActiveCfg = Release|Win32
		{E99AFFD3-69E8-4E17-A2F1-794A59BA618D}.Release|x86.Build.0 = Release|Win32
		{C6222117-DE85-4BB8-AEA5-4C45CC041C56}.Debug|Any CPU.ActiveCfg = Debug|Win32
		{C6222117-DE85-4BB8-AEA5-4C45CC041C56}.Debug|x64.ActiveCfg = Debug|x64
		{C6222117-DE85-4BB8-AEA5-4C45CC041C56}.Debug|x64.Build.0 = Debug|x64
		{C6222117-DE85-4BB8-AEA5-4C45CC041C56}.Debug|x86.ActiveCfg = Debug|Win32
		{C6222117-DE85-4BB8-AEA5-4C45CC041C56}.Debug|x86.Build.0 = Debug|Win32
		{C6222117-DE85-4BB8-AEA5-4C45CC041C56}.Release|Any CPU.ActiveCfg = Release|Win32
		{C6222117-DE85-4BB8-AEA5-4C45CC041C56}.Release|x64.ActiveCfg = Release|x64
		{C6222117-DE85-4BB8-AEA5-4C45CC041C56}.Release|x64.Build.0 = Release|x64
		{C6222117-DE85-4BB8-AEA5-4C45CC041C56}.Release|x86.ActiveCfg = Release|Win32
		{C6222117-DE85-4BB8-AEA5-4C45CC041C56}.Release|x86.Build.0 = Release|Win32
		{6A75CFA0-051F-40D5-B9EC-561BC7134163}.Debug|Any CPU.ActiveCfg = Debug|Win32
		{6A75CFA0-051F-40D5-B9EC-561BC7134163}.Debug|x64.ActiveCfg = Debug|x64
		{6A75CFA0-051F-40D5-B9EC-561BC7134163}.Debug|x64.Build.0 = Debug|x64
		{6A75CFA0-051F-40D5-B9EC-561BC7134163}.Debug|x86.ActiveCfg = Debug|Win32
		{6A75CFA0-051F-40D5-B9EC-561BC7134163}.Debug|x86.Build.0 = Debug|Win32
		{6A75CFA0-051F-40D5-B9EC-561BC7134163}.Release|Any CPU.ActiveCfg = Release|Win32
		{6A75CFA0-051F-40D5-B9EC-561BC7134163}.Release|x64.ActiveCfg = Release|x64
		{6A75CFA0-051F-40D5-B9EC-561BC7134163}.Release|x64.Build.0 = Release|x64
		{6A75CFA0-051F-40D5-B9EC-561BC7134163}.Release|x86.ActiveCfg = Release|Win32
		{6A75CFA0-051F-40D5-B9EC-561BC7134163}.Release|x86.Build.0 = Release|Win32
		{5D8D29ED-800C-4177-99EC-F4805EA6333E}.Debug|Any CPU.ActiveCfg = Debug|Win32
		{5D8D29ED-800C-4177-99EC-F4805EA6333E}.Debug|x64.ActiveCfg = Debug|x64
		{5D8D29ED-800C-4177-99EC-F4805EA6333E}.Debug|x64.Build.0 = Debug|x64
		{5D8D29ED-800C-4177-99EC-F4805EA6333E}.Debug|x86.ActiveCfg = Debug|Win32
		{5D8D29ED-800C-4177-99EC-F4805EA6333E}.Debug|x86.Build.0 = Debug|Win32
		{5D8D29ED-800C-4177-99EC-F4805EA6333E}.Release|Any CPU.ActiveCfg = Release|Win32
		{5D8D29ED-800C-4177-99EC-F4805EA6333E}.Release|x64.ActiveCfg = Release|x64
		{5D8D29ED-800C-4177-99EC-F4805EA6333E}.Release|x64.Build.0 = Release|x64
		{5D8D29ED-800C-4177-99EC-F4805EA6333E}.Release|x86.ActiveCfg = Release|Win32
		{5D8D29ED-800C-4177-99EC-F4805EA6333E}.Release|x86.Build.0 = Release|Win32
		{E907B1DA-BBAB-43C1-9D22-D5C7B0786F23}.Debug|Any CPU.ActiveCfg = Debug|Win32
		{E907B1DA-BBAB-43C1-9D22-D5C7B0786F23}.Debug|x64.ActiveCfg = Debug|x64
		{E907B1DA-BBAB-43C1-9D22-D5C7B0786F23}.Debug|x64.Build.0 = Debug|x64
		{E907B1DA-BBAB-43C1-9D22-D5C7B0786F23}.Debug|x86.ActiveCfg = Debug|Win32
		{E907B1DA-BBAB-43C1-9D22-D5C7B0786F23}.Debug|x86.Build.0 = Debug|Win32
		{E907B1DA-BBAB-43C1-9D22-D5C7B0786F23}.Release|Any CPU.ActiveCfg = Release|Win32
		{E907B1DA-BBAB-43C1-9D22-D5C7B0786F23}.Release|x64.ActiveCfg = Release|x64
		{E907B1DA-BBAB-43C1-9D22-D5C7B0786F23}.Release|x64.Build.0 = Release|x64
		{E907B1DA-BBAB-43C1-9D22-D5C7B0786F23}.Release|x86.ActiveCfg = Release|Win32
		{E907B1DA-BBAB-43C1-9D22-D5C7B0786F23}.Release|x86.Build.0 = Release|Win32
		{B76DA8CE-C395-41AD-8E8B-3BA5576CB78F}.Debug|Any CPU.ActiveCfg = Debug|Win32
		{B76DA8CE-C395-41AD-8E8B-3BA5576CB78F}.Debug|x64.ActiveCfg = Debug|x64
		{B76DA8CE-C395-41AD-8E8B-3BA5576CB78F}.Debug|x64.Build.0 = Debug|x64
		{B76DA8CE-C395-41AD-8E8B-3BA5576CB78F}.Debug|x86.ActiveCfg = Debug|Win32
		{B76DA8CE-C395-41AD-8E8B-3BA5576CB78F}.Debug|x86.Build.0 = Debug|Win32
		{B76DA8CE-C395-41AD-8E8B-3BA5576CB78F}.Release|Any CPU.ActiveCfg = Release|Win32
		{B76DA8CE-C395-41AD-8E8B-3BA5576CB78F}.Release|x64.ActiveCfg = Release|x64
		{B76DA8CE-C395-41AD-8E8B-3BA5576CB78F}.Release|x64.Build.0 = Release|x64
		{B76DA8CE-C395-41AD-8E8B-3BA5576CB78F}.Release|x86.ActiveCfg = Release|Win32
		{B76DA8CE-C395-41AD-8E8B-3BA5576CB78F}.Release|x86.Build.0 = Release|Win32
		{3F7C8732-684F-4B6B-9A6D-FA66C7C76EC2}.Debug|Any CPU.ActiveCfg = Debug|Win32
		{3F7C8732-684F-4B6B-9A6D-FA66C7C76EC2}.Debug|x64.ActiveCfg = Debug|x64
		{3F7C8732-684F-4B6B-9A6D-FA66C7C76EC2}.Debug|x64.Build.0 = Debug|x64
		{3F7C8732-684F-4B6B-9A6D-FA66C7C76EC2}.Debug|x86.ActiveCfg = Debug|Win32
		{3F7C8732-684F-4B6B-9A6D-FA66C7C76EC2}.Debug|x86.Build.0 = Debug|Win32
		{3F7C8732-684F-4B6B-9A6D-FA66C7C76EC2}.Release|Any CPU.ActiveCfg = Release|Win32
		{3F7C8732-684F-4B6B-9A6D-FA66C7C76EC2}.Release|x64.ActiveCfg = Release|x64
		{3F7C8732-684F-4B6B-9A6D-FA66C7C76EC2}.Release|x64.Build.0 = Release|x64
		{3F7C8732-684F-4B6B-9A6D-FA66C7C76EC2}.Release|x86.ActiveCfg = Release|Win32
		{3F7C8732-684F-4B6B-9A6D-FA66C7C76EC2}.Release|x86.Build.0 = Release|Win32
		{BB6ABAB1-17A4-4904-87A5-C2C41CA2AA47}.Debug|Any CPU.ActiveCfg = Debug|Win32
		{BB6ABAB1-17A4-4904-87A5-C2C41CA2AA47}.Debug|x64.ActiveCfg = Debug|x64
		{BB6ABAB1-17A4-4904-87A5-C2C41CA2AA47}.Debug|x64.Build.0 = Debug|x64
		{BB6ABAB1-17A4-4904-87A5-C2C41CA2AA47}.Debug|x86.ActiveCfg = Debug|Win32
		{BB6ABAB1-17A4-4904-87A5-C2C41CA2AA47}.Debug|x86.Build.0 = Debug|Win32
		{BB6ABAB1-17A4-4904-87A5-C2C41CA2AA47}.Release|Any CPU.ActiveCfg = Release|Win32
		{BB6ABAB1-17A4-4904-87A5-C2C41CA2AA47}.Release|x64.ActiveCfg = Release|x64
		{BB6ABAB1-17A4-4904-87A5-C2C41CA2AA47}.Release|x64.Build.0 = Release|x64
		{BB6ABAB1-17A4-4904-87A5-C2C41CA2AA47}.Release|x86.ActiveCfg = Release|Win32
		{BB6ABAB1-17A4-4904-87A5-C2C41CA2AA47}.Release|x86.Build.0 = Release|Win32
		{D2CF0442-8788-409C-A7CD-1152B6D2D65F}.Debug|Any CPU.ActiveCfg = Debug|Win32
		{D2CF0442-8788-409C-A7CD-1152B6D2D65F}.Debug|x64.ActiveCfg = Debug|x64
		{D2CF0442-8788-409C-A7CD-1152B6D2D65F}.Debug|x64.Build.0 = Debug|x64
		{D2CF0442-8788-409C-A7CD-1152B6D2D65F}.Debug|x86.ActiveCfg = Debug|Win32
		{D2CF0442-8788-409C-A7CD-1152B6D2D65F}.Debug|x86.Build.0 = Debug|Win32
		{D2CF0442-8788-409C-A7CD-1152B6D2D65F}.Release|Any CPU.ActiveCfg = Release|Win32
		{D2CF0442-8788-409C-A7CD-1152B6D2D65F}.Release|x64.ActiveCfg = Release|x64
		{D2CF0442-8788-409C-A7CD-1152B6D2D65F}.Release|x64.Build.0 = Release|x64
		{D2CF0442-8788-409C-A7CD-1152B6D2D65F}.Release|x86.ActiveCfg = Release|Win32
		{D2CF0442-8788-409C-A7CD-1152B6D2D65F}.Release|x86.Build.0 = Release|Win32
		{6B677AC0-C10B-4C2E-B03F-DB70231D72EC}.Debug|Any CPU.ActiveCfg = Debug|Win32
		{6B677AC0-C10B-4C2E-B03F-DB70231D72EC}.Debug|x64.ActiveCfg = Debug|x64
		{6B677AC0-C10B-4C2E-B03F-DB70231D72EC}.Debug|x64.Build.0 = Debug|x64
		{6B677AC0-C10B-4C2E-B03F-DB70231D72EC}.Debug|x86.ActiveCfg = Debug|Win32
		{6B677AC0-C10B-4C2E-B03F-DB70231D72EC}.Debug|x86.Build.0 = Debug|Win32
		{6B677AC0-C10B-4C2E-B03F-DB70231D72EC}.Release|Any CPU.ActiveCfg = Release|Win32
		{6B677AC0-C10B-4C2E-B03F-DB70231D72EC}.Release|x64.ActiveCfg = Release|x64
		{6B677AC0-C10B-4C2E-B03F-DB70231D72EC}.Release|x64.Build.0 = Release|x64
		{6B677AC0-C10B-4C2E-B03F-DB70231D72EC}.Release|x86.ActiveCfg = Release|Win32
		{6B677AC0-C10B-4C2E-B03F-DB70231D72EC}.Release|x86.Build.0 = Release|Win32
		{BB74D0E4-67EE-4747-90A1-A7E6BDA4EEFD}.Debug|Any CPU.ActiveCfg = Debug|Win32
		{BB74D0E4-67EE-4747-90A1-A7E6BDA4EEFD}.Debug|x64.ActiveCfg = Debug|x64
		{BB74D0E4-67EE-4747-90A1-A7E6BDA4EEFD}.Debug|x64.Build.0 = Debug|x64
		{BB74D0E4-67EE-4747-90A1-A7E6BDA4EEFD}.Debug|x86.ActiveCfg = Debug|Win32
		{BB74D0E4-67EE-4747-90A1-A7E6BDA4EEFD}.Debug|x86.Build.0 = Debug|Win32
		{BB74D0E4-67EE-4747-90A1-A7E6BDA4EEFD}.Release|Any CPU.ActiveCfg = Release|Win32
		{BB74D0E4-67EE-4747-90A1-A7E6BDA4EEFD}.Release|x64.ActiveCfg = Release|x64
		{BB74D0E4-67EE-4747-90A1-A7E6BDA4EEFD}.Release|x64.Build.0 = Release|x64
		{BB74D0E4-67EE-4747-90A1-A7E6BDA4EEFD}.Release|x86.ActiveCfg = Release|Win32
		{BB74D0E4-67EE-4747-90A1-A7E6BDA4EEFD}.Release|x86.Build.0 = Release|Win32
		{7C48D619-4385-49F0-9CF8-73E7A553A701}.Debug|Any CPU.ActiveCfg = Debug|Win32
		{7C48D619-4385-49F0-9CF8-73E7A553A701}.Debug|x64.ActiveCfg = Debug|x64
		{7C48D619-4385-49F0-9CF8-73E7A553A701}.Debug|x64.Build.0 = Debug|x64
		{7C48D619-4385-49F0-9CF8-73E7A553A701}.Debug|x86.ActiveCfg = Debug|Win32
		{7C48D619-4385-49F0-9CF8-73E7A553A701}.Debug|x86.Build.0 = Debug|Win32
		{7C48D619-4385-49F0-9CF8-73E7A553A701}.Release|Any CPU.ActiveCfg = Release|Win32
		{7C48D619-4385-49F0-9CF8-73E7A553A701}.Release|x64.ActiveCfg = Release|x64
		{7C48D619-4385-49F0-9CF8-73E7A553A701}.Release|x64.Build.0 = Release|x64
		{7C48D619-4385-49F0-9CF8-73E7A553A701}.Release|x86.ActiveCfg = Release|Win32
		{7C48D619-4385-49F0-9CF8-73E7A553A701}.Release|x86.Build.0 = Release|Win32
		{5F3C44C1-5EE8-4ED3-BA82-8D44FA222F7C}.Debug|Any CPU.ActiveCfg = Debug|Win32
		{5F3C44C1-5EE8-4ED3-BA82-8D44FA222F7C}.Debug|x64.ActiveCfg = Debug|x64
		{5F3C44C1-5EE8-4ED3-BA82-8D44FA222F7C}.Debug|x64.Build.0 = Debug|x64
		{5F3C44C1-5EE8-4ED3-BA82-8D44FA222F7C}.Debug|x86.ActiveCfg = Debug|Win32
		{5F3C44C1-5EE8-4ED3-BA82-8D44FA222F7C}.Debug|x86.Build.0 = Debug|Win32
		{5F3C44C1-5EE8-4ED3-BA82-8D44FA222F7C}.Release|Any CPU.ActiveCfg = Release|Win32
		{5F3C44C1-5EE8-4ED3-BA82-8D44FA222F7C}.Release|x64.ActiveCfg = Release|x64
		{5F3C44C1-5EE8-4ED3-BA82-8D44FA222F7C}.Release|x64.Build.0 = Release|x64
		{5F3C44C1-5EE8-4ED3-BA82-8D44FA222F7C}.Release|x86.ActiveCfg = Release|Win32
		{5F3C44C1-5EE8-4ED3-BA82-8D44FA222F7C}.Release|x86.Build.0 = Release|Win32
		{8D9AAD97-56C9-4282-944F-6101A17BC8A6}.Debug|Any CPU.ActiveCfg = Debug|Win32
		{8D9AAD97-56C9-4282-944F-6101A17BC8A6}.Debug|x64.ActiveCfg = Debug|x64
		{8D9AAD97-56C9-4282-944F-6101A17BC8A6}.Debug|x64.Build.0 = Debug|x64
		{8D9AAD97-56C9-4282-944F-6101A17BC8A6}.Debug|x86.ActiveCfg = Debug|Win32
		{8D9AAD97-56C9-4282-944F-6101A17BC8A6}.Debug|x86.Build.0 = Debug|Win32
		{8D9AAD97-56C9-4282-944F-6101A17BC8A6}.Release|Any CPU.ActiveCfg = Release|Win32
		{8D9AAD97-56C9-4282-944F-6101A17BC8A6}.Release|x64.ActiveCfg = Release|x64
		{8D9AAD97-56C9-4282-944F-6101A17BC8A6}.Release|x64.Build.0 = Release|x64
		{8D9AAD97-56C9-4282-944F-6101A17BC8A6}.Release|x86.ActiveCfg = Release|Win32
		{8D9AAD97-56C9-4282-944F-6101A17BC8A6}.Release|x86.Build.0 = Release|Win32
		{91989FE6-C271-4104-9A85-3F503A96F79C}.Debug|Any CPU.ActiveCfg = Debug|Win32
		{91989FE6-C271-4104-9A85-3F503A96F79C}.Debug|x64.ActiveCfg = Debug|x64
		{91989FE6-C271-4104-9A85-3F503A96F79C}.Debug|x64.Build.0 = Debug|x64
		{91989FE6-C271-4104-9A85-3F503A96F79C}.Debug|x86.ActiveCfg = Debug|Win32
		{91989FE6-C271-4104-9A85-3F503A96F79C}.Debug|x86.Build.0 = Debug|Win32
		{91989FE6-C271-4104-9A85-3F503A96F79C}.Release|Any CPU.ActiveCfg = Release|Win32
		{91989FE6-C271-4104-9A85-3F503A96F79C}.Release|x64.ActiveCfg = Release|x64
		{91989FE6-C271-4104-9A85-3F503A96F79C}.Release|x64.Build.0 = Release|x64
		{91989FE6-C271-4104-9A85-3F503A96F79C}.Release|x86.ActiveCfg = Release|Win32
		{91989FE6-C271-4104-9A85-3F503A96F79C}.Release|x86.Build.0 = Release|Win32
	EndGlobalSection
	GlobalSection(SolutionProperties) = preSolution
		HideSolutionNode = FALSE
	EndGlobalSection
	GlobalSection(ExtensibilityGlobals) = postSolution
		SolutionGuid = {630A8148-C98B-4046-884D-09288A2C361F}
	EndGlobalSection
EndGlobal
